
Microsoft Visual Studio Solution File, Format Version 12.00
# Visual Studio Version 18
VisualStudioVersion = 18.0.11010.61
MinimumVisualStudioVersion = 10.0.40219.1
Project("{FAE04EC0-301F-11D3-BF4B-00C04F79EFBC}") = "Confluence", "Integrations\Confluence\Confluence.csproj", "{5A47B790-2DCA-44DB-86BA-E4F3F570E0B0}"
EndProject
Project("{2150E333-8FDC-42A3-9474-1A3956D46DE8}") = "Integrations", "Integrations", "{02EA681E-C7D8-13C7-8484-4AC65E1B71E8}"
EndProject
Project("{FAE04EC0-301F-11D3-BF4B-00C04F79EFBC}") = "Utils", "Utils\Utils.csproj", "{61EC5958-79F4-494E-A4FF-43F4F000B5F2}"
EndProject
Project("{FAE04EC0-301F-11D3-BF4B-00C04F79EFBC}") = "Jira", "Integrations\Jira\Jira.csproj", "{D96472B7-D622-4ED9-9FBD-4B45370A1BCD}"
EndProject
Project("{2150E333-8FDC-42A3-9474-1A3956D46DE8}") = "MCP", "MCP", "{2C8A5F0C-EEB4-4684-AB3D-BF385A31667A}"
EndProject
Project("{2150E333-8FDC-42A3-9474-1A3956D46DE8}") = "AI", "AI", "{EAD99FA2-2A04-464C-8A98-AAEDE8DAFD62}"
EndProject
Project("{FAE04EC0-301F-11D3-BF4B-00C04F79EFBC}") = "Orchestration", "AI\Orchestration\Orchestration.csproj", "{98AFCE3E-5AC8-4DA1-96DB-EFAED5FF74CD}"
EndProject
Project("{2150E333-8FDC-42A3-9474-1A3956D46DE8}") = "Embeddings", "Embeddings", "{9EEE95CB-DBF8-4956-B62E-A3AF1C38DEA9}"
EndProject
Project("{FAE04EC0-301F-11D3-BF4B-00C04F79EFBC}") = "ConfluenceEmbeddingsGenerator", "AI\Embeddings\ConfluenceEmbeddingsGenerator\ConfluenceEmbeddingsGenerator.csproj", "{239C90DB-A1CE-40EA-8A94-B56501933B33}"
EndProject
Project("{FAE04EC0-301F-11D3-BF4B-00C04F79EFBC}") = "ConfluenceMCP", "AI\MCP\ConfluenceMCP\ConfluenceMCP.csproj", "{8FF0EFD7-FEBA-425E-B708-34A23A01215C}"
EndProject
Project("{FAE04EC0-301F-11D3-BF4B-00C04F79EFBC}") = "JiraMCP", "AI\MCP\JiraMCP\JiraMCP.csproj", "{818E14DF-484E-4D06-B4BE-C6BC22B2DB6B}"
EndProject
Project("{FAE04EC0-301F-11D3-BF4B-00C04F79EFBC}") = "McpUtils", "AI\MCP\McpUtils\McpUtils.csproj", "{2C4D006A-44D5-4A73-A015-88A8C9117012}"
EndProject
Project("{FAE04EC0-301F-11D3-BF4B-00C04F79EFBC}") = "ConfluenceEmbeddingsService", "AI\Embeddings\ConfluenceEmbeddingsService\ConfluenceEmbeddingsService.csproj", "{B782B843-FE0C-409F-BC4E-B14B7849103F}"
EndProject
Project("{FAE04EC0-301F-11D3-BF4B-00C04F79EFBC}") = "GitHub", "Integrations\GitHub\GitHub.csproj", "{EAEFF422-380F-A542-8FC5-0D473A50DE5D}"
EndProject
Project("{FAE04EC0-301F-11D3-BF4B-00C04F79EFBC}") = "GitHubTester", "Integrations\GitHubTester\GitHubTester.csproj", "{EB01C9E5-F064-7DCB-CBCF-DFE3102EF5CA}"
EndProject
Project("{FAE04EC0-301F-11D3-BF4B-00C04F79EFBC}") = "GitHubMcp", "AI\MCP\GitHubMcp\GitHubMcp.csproj", "{977289AC-779D-F8F2-1ACC-71CB32337D31}"
EndProject
Project("{FAE04EC0-301F-11D3-BF4B-00C04F79EFBC}") = "GitHubOrchestrationTester", "AI\GitHubOrchestrationTester\GitHubOrchestrationTester.csproj", "{8091CCED-A387-41F6-8BFA-C049FB316D45}"
EndProject
Project("{FAE04EC0-301F-11D3-BF4B-00C04F79EFBC}") = "DemosMCP", "AI\MCP\DemosMCP\DemosMCP.csproj", "{DBD6BAC1-E417-4C66-8D32-77F0DFD8EF55}"
EndProject
Project("{FAE04EC0-301F-11D3-BF4B-00C04F79EFBC}") = "Jenkins", "Integrations\Jenkins\Jenkins.csproj", "{071C77B3-F801-4578-BDD9-BA869F31F8B9}"
EndProject
Project("{FAE04EC0-301F-11D3-BF4B-00C04F79EFBC}") = "JenkinsMcp", "AI\MCP\JenkinsMcp\JenkinsMcp.csproj", "{4AB79E28-A19F-4D13-896C-7DA05F5B1D62}"
EndProject
Project("{FAE04EC0-301F-11D3-BF4B-00C04F79EFBC}") = "JenkinsTester", "Integrations\JenkinsTester\JenkinsTester.csproj", "{6BDE4F50-0915-49C2-9E9F-A17AE01CC33B}"
EndProject
Project("{FAE04EC0-301F-11D3-BF4B-00C04F79EFBC}") = "TestRailMcp", "AI\MCP\TestRailMcp\TestRailMcp.csproj", "{B7242663-06F5-4A6E-8919-BD776F4B5646}"
EndProject
Project("{FAE04EC0-301F-11D3-BF4B-00C04F79EFBC}") = "TestRail", "Integrations\TestRail\TestRail.csproj", "{137F47B2-D540-4447-85A7-270DEC3A0BC3}"
EndProject
Project("{FAE04EC0-301F-11D3-BF4B-00C04F79EFBC}") = "CDB", "Integrations\CDB\CDB\CDB.csproj", "{7C1B41E5-D41F-460F-B21E-3F96585E4D32}"
EndProject
Project("{FAE04EC0-301F-11D3-BF4B-00C04F79EFBC}") = "CdbMcp", "AI\MCP\CdbMcp\CdbMcp.csproj", "{EAB32428-C350-43CC-82B4-7E5E8CADE307}"
EndProject
Project("{2150E333-8FDC-42A3-9474-1A3956D46DE8}") = "Services", "Services", "{93C18CE2-18EA-46E3-A4E2-4D376DA82B5F}"
EndProject
Project("{FAE04EC0-301F-11D3-BF4B-00C04F79EFBC}") = "GitHubCodeReviewsService", "AI\Services\GitHubCodeReviewsService\GitHubCodeReviewsService.csproj", "{2435CDC0-8E0C-4760-AA17-671FCA271B0E}"
EndProject
Project("{FAE04EC0-301F-11D3-BF4B-00C04F79EFBC}") = "IndigoQaTool", "IndigoQaTool\IndigoQaTool.csproj", "{9CA74317-A44C-45D1-94B2-205E17339F01}"
EndProject
Global
	GlobalSection(SolutionConfigurationPlatforms) = preSolution
		Debug|Any CPU = Debug|Any CPU
		Release|Any CPU = Release|Any CPU
	EndGlobalSection
	GlobalSection(ProjectConfigurationPlatforms) = postSolution
		{5A47B790-2DCA-44DB-86BA-E4F3F570E0B0}.Debug|Any CPU.ActiveCfg = Debug|Any CPU
		{5A47B790-2DCA-44DB-86BA-E4F3F570E0B0}.Debug|Any CPU.Build.0 = Debug|Any CPU
		{5A47B790-2DCA-44DB-86BA-E4F3F570E0B0}.Release|Any CPU.ActiveCfg = Release|Any CPU
		{5A47B790-2DCA-44DB-86BA-E4F3F570E0B0}.Release|Any CPU.Build.0 = Release|Any CPU
		{61EC5958-79F4-494E-A4FF-43F4F000B5F2}.Debug|Any CPU.ActiveCfg = Debug|Any CPU
		{61EC5958-79F4-494E-A4FF-43F4F000B5F2}.Debug|Any CPU.Build.0 = Debug|Any CPU
		{61EC5958-79F4-494E-A4FF-43F4F000B5F2}.Release|Any CPU.ActiveCfg = Release|Any CPU
		{61EC5958-79F4-494E-A4FF-43F4F000B5F2}.Release|Any CPU.Build.0 = Release|Any CPU
		{D96472B7-D622-4ED9-9FBD-4B45370A1BCD}.Debug|Any CPU.ActiveCfg = Debug|Any CPU
		{D96472B7-D622-4ED9-9FBD-4B45370A1BCD}.Debug|Any CPU.Build.0 = Debug|Any CPU
		{D96472B7-D622-4ED9-9FBD-4B45370A1BCD}.Release|Any CPU.ActiveCfg = Release|Any CPU
		{D96472B7-D622-4ED9-9FBD-4B45370A1BCD}.Release|Any CPU.Build.0 = Release|Any CPU
		{98AFCE3E-5AC8-4DA1-96DB-EFAED5FF74CD}.Debug|Any CPU.ActiveCfg = Debug|Any CPU
		{98AFCE3E-5AC8-4DA1-96DB-EFAED5FF74CD}.Debug|Any CPU.Build.0 = Debug|Any CPU
		{98AFCE3E-5AC8-4DA1-96DB-EFAED5FF74CD}.Release|Any CPU.ActiveCfg = Release|Any CPU
		{98AFCE3E-5AC8-4DA1-96DB-EFAED5FF74CD}.Release|Any CPU.Build.0 = Release|Any CPU
		{239C90DB-A1CE-40EA-8A94-B56501933B33}.Debug|Any CPU.ActiveCfg = Debug|Any CPU
		{239C90DB-A1CE-40EA-8A94-B56501933B33}.Debug|Any CPU.Build.0 = Debug|Any CPU
		{239C90DB-A1CE-40EA-8A94-B56501933B33}.Release|Any CPU.ActiveCfg = Release|Any CPU
		{239C90DB-A1CE-40EA-8A94-B56501933B33}.Release|Any CPU.Build.0 = Release|Any CPU
		{8FF0EFD7-FEBA-425E-B708-34A23A01215C}.Debug|Any CPU.ActiveCfg = Debug|Any CPU
		{8FF0EFD7-FEBA-425E-B708-34A23A01215C}.Debug|Any CPU.Build.0 = Debug|Any CPU
		{8FF0EFD7-FEBA-425E-B708-34A23A01215C}.Release|Any CPU.ActiveCfg = Release|Any CPU
		{8FF0EFD7-FEBA-425E-B708-34A23A01215C}.Release|Any CPU.Build.0 = Release|Any CPU
		{818E14DF-484E-4D06-B4BE-C6BC22B2DB6B}.Debug|Any CPU.ActiveCfg = Debug|Any CPU
		{818E14DF-484E-4D06-B4BE-C6BC22B2DB6B}.Debug|Any CPU.Build.0 = Debug|Any CPU
		{818E14DF-484E-4D06-B4BE-C6BC22B2DB6B}.Release|Any CPU.ActiveCfg = Release|Any CPU
		{818E14DF-484E-4D06-B4BE-C6BC22B2DB6B}.Release|Any CPU.Build.0 = Release|Any CPU
		{2C4D006A-44D5-4A73-A015-88A8C9117012}.Debug|Any CPU.ActiveCfg = Debug|Any CPU
		{2C4D006A-44D5-4A73-A015-88A8C9117012}.Debug|Any CPU.Build.0 = Debug|Any CPU
		{2C4D006A-44D5-4A73-A015-88A8C9117012}.Release|Any CPU.ActiveCfg = Release|Any CPU
		{2C4D006A-44D5-4A73-A015-88A8C9117012}.Release|Any CPU.Build.0 = Release|Any CPU
		{B782B843-FE0C-409F-BC4E-B14B7849103F}.Debug|Any CPU.ActiveCfg = Debug|Any CPU
		{B782B843-FE0C-409F-BC4E-B14B7849103F}.Debug|Any CPU.Build.0 = Debug|Any CPU
		{B782B843-FE0C-409F-BC4E-B14B7849103F}.Release|Any CPU.ActiveCfg = Release|Any CPU
		{B782B843-FE0C-409F-BC4E-B14B7849103F}.Release|Any CPU.Build.0 = Release|Any CPU
		{EAEFF422-380F-A542-8FC5-0D473A50DE5D}.Debug|Any CPU.ActiveCfg = Debug|Any CPU
		{EAEFF422-380F-A542-8FC5-0D473A50DE5D}.Debug|Any CPU.Build.0 = Debug|Any CPU
		{EAEFF422-380F-A542-8FC5-0D473A50DE5D}.Release|Any CPU.ActiveCfg = Release|Any CPU
		{EAEFF422-380F-A542-8FC5-0D473A50DE5D}.Release|Any CPU.Build.0 = Release|Any CPU
		{EB01C9E5-F064-7DCB-CBCF-DFE3102EF5CA}.Debug|Any CPU.ActiveCfg = Debug|Any CPU
		{EB01C9E5-F064-7DCB-CBCF-DFE3102EF5CA}.Debug|Any CPU.Build.0 = Debug|Any CPU
		{EB01C9E5-F064-7DCB-CBCF-DFE3102EF5CA}.Release|Any CPU.ActiveCfg = Release|Any CPU
		{EB01C9E5-F064-7DCB-CBCF-DFE3102EF5CA}.Release|Any CPU.Build.0 = Release|Any CPU
		{977289AC-779D-F8F2-1ACC-71CB32337D31}.Debug|Any CPU.ActiveCfg = Debug|Any CPU
		{977289AC-779D-F8F2-1ACC-71CB32337D31}.Debug|Any CPU.Build.0 = Debug|Any CPU
		{977289AC-779D-F8F2-1ACC-71CB32337D31}.Release|Any CPU.ActiveCfg = Release|Any CPU
		{977289AC-779D-F8F2-1ACC-71CB32337D31}.Release|Any CPU.Build.0 = Release|Any CPU
		{8091CCED-A387-41F6-8BFA-C049FB316D45}.Debug|Any CPU.ActiveCfg = Debug|Any CPU
		{8091CCED-A387-41F6-8BFA-C049FB316D45}.Debug|Any CPU.Build.0 = Debug|Any CPU
		{8091CCED-A387-41F6-8BFA-C049FB316D45}.Release|Any CPU.ActiveCfg = Release|Any CPU
		{8091CCED-A387-41F6-8BFA-C049FB316D45}.Release|Any CPU.Build.0 = Release|Any CPU
		{DBD6BAC1-E417-4C66-8D32-77F0DFD8EF55}.Debug|Any CPU.ActiveCfg = Debug|Any CPU
		{DBD6BAC1-E417-4C66-8D32-77F0DFD8EF55}.Debug|Any CPU.Build.0 = Debug|Any CPU
		{DBD6BAC1-E417-4C66-8D32-77F0DFD8EF55}.Release|Any CPU.ActiveCfg = Release|Any CPU
		{DBD6BAC1-E417-4C66-8D32-77F0DFD8EF55}.Release|Any CPU.Build.0 = Release|Any CPU
		{071C77B3-F801-4578-BDD9-BA869F31F8B9}.Debug|Any CPU.ActiveCfg = Debug|Any CPU
		{071C77B3-F801-4578-BDD9-BA869F31F8B9}.Debug|Any CPU.Build.0 = Debug|Any CPU
		{071C77B3-F801-4578-BDD9-BA869F31F8B9}.Release|Any CPU.ActiveCfg = Release|Any CPU
		{071C77B3-F801-4578-BDD9-BA869F31F8B9}.Release|Any CPU.Build.0 = Release|Any CPU
		{4AB79E28-A19F-4D13-896C-7DA05F5B1D62}.Debug|Any CPU.ActiveCfg = Debug|Any CPU
		{4AB79E28-A19F-4D13-896C-7DA05F5B1D62}.Debug|Any CPU.Build.0 = Debug|Any CPU
		{4AB79E28-A19F-4D13-896C-7DA05F5B1D62}.Release|Any CPU.ActiveCfg = Release|Any CPU
		{4AB79E28-A19F-4D13-896C-7DA05F5B1D62}.Release|Any CPU.Build.0 = Release|Any CPU
		{6BDE4F50-0915-49C2-9E9F-A17AE01CC33B}.Debug|Any CPU.ActiveCfg = Debug|Any CPU
		{6BDE4F50-0915-49C2-9E9F-A17AE01CC33B}.Debug|Any CPU.Build.0 = Debug|Any CPU
		{6BDE4F50-0915-49C2-9E9F-A17AE01CC33B}.Release|Any CPU.ActiveCfg = Release|Any CPU
		{6BDE4F50-0915-49C2-9E9F-A17AE01CC33B}.Release|Any CPU.Build.0 = Release|Any CPU
		{B7242663-06F5-4A6E-8919-BD776F4B5646}.Debug|Any CPU.ActiveCfg = Debug|Any CPU
		{B7242663-06F5-4A6E-8919-BD776F4B5646}.Debug|Any CPU.Build.0 = Debug|Any CPU
		{B7242663-06F5-4A6E-8919-BD776F4B5646}.Release|Any CPU.ActiveCfg = Release|Any CPU
		{B7242663-06F5-4A6E-8919-BD776F4B5646}.Release|Any CPU.Build.0 = Release|Any CPU
		{137F47B2-D540-4447-85A7-270DEC3A0BC3}.Debug|Any CPU.ActiveCfg = Debug|Any CPU
		{137F47B2-D540-4447-85A7-270DEC3A0BC3}.Debug|Any CPU.Build.0 = Debug|Any CPU
		{137F47B2-D540-4447-85A7-270DEC3A0BC3}.Release|Any CPU.ActiveCfg = Release|Any CPU
		{137F47B2-D540-4447-85A7-270DEC3A0BC3}.Release|Any CPU.Build.0 = Release|Any CPU
		{7C1B41E5-D41F-460F-B21E-3F96585E4D32}.Debug|Any CPU.ActiveCfg = Debug|Any CPU
		{7C1B41E5-D41F-460F-B21E-3F96585E4D32}.Debug|Any CPU.Build.0 = Debug|Any CPU
		{7C1B41E5-D41F-460F-B21E-3F96585E4D32}.Release|Any CPU.ActiveCfg = Release|Any CPU
		{7C1B41E5-D41F-460F-B21E-3F96585E4D32}.Release|Any CPU.Build.0 = Release|Any CPU
		{EAB32428-C350-43CC-82B4-7E5E8CADE307}.Debug|Any CPU.ActiveCfg = Debug|Any CPU
		{EAB32428-C350-43CC-82B4-7E5E8CADE307}.Debug|Any CPU.Build.0 = Debug|Any CPU
		{EAB32428-C350-43CC-82B4-7E5E8CADE307}.Release|Any CPU.ActiveCfg = Release|Any CPU
		{EAB32428-C350-43CC-82B4-7E5E8CADE307}.Release|Any CPU.Build.0 = Release|Any CPU
		{2435CDC0-8E0C-4760-AA17-671FCA271B0E}.Debug|Any CPU.ActiveCfg = Debug|Any CPU
		{2435CDC0-8E0C-4760-AA17-671FCA271B0E}.Debug|Any CPU.Build.0 = Debug|Any CPU
		{2435CDC0-8E0C-4760-AA17-671FCA271B0E}.Release|Any CPU.ActiveCfg = Release|Any CPU
		{2435CDC0-8E0C-4760-AA17-671FCA271B0E}.Release|Any CPU.Build.0 = Release|Any CPU
		{9CA74317-A44C-45D1-94B2-205E17339F01}.Debug|Any CPU.ActiveCfg = Debug|Any CPU
		{9CA74317-A44C-45D1-94B2-205E17339F01}.Debug|Any CPU.Build.0 = Debug|Any CPU
		{9CA74317-A44C-45D1-94B2-205E17339F01}.Release|Any CPU.ActiveCfg = Release|Any CPU
		{9CA74317-A44C-45D1-94B2-205E17339F01}.Release|Any CPU.Build.0 = Release|Any CPU
	EndGlobalSection
	GlobalSection(SolutionProperties) = preSolution
		HideSolutionNode = FALSE
	EndGlobalSection
	GlobalSection(NestedProjects) = preSolution
		{5A47B790-2DCA-44DB-86BA-E4F3F570E0B0} = {02EA681E-C7D8-13C7-8484-4AC65E1B71E8}
		{D96472B7-D622-4ED9-9FBD-4B45370A1BCD} = {02EA681E-C7D8-13C7-8484-4AC65E1B71E8}
		{2C8A5F0C-EEB4-4684-AB3D-BF385A31667A} = {EAD99FA2-2A04-464C-8A98-AAEDE8DAFD62}
		{98AFCE3E-5AC8-4DA1-96DB-EFAED5FF74CD} = {EAD99FA2-2A04-464C-8A98-AAEDE8DAFD62}
		{9EEE95CB-DBF8-4956-B62E-A3AF1C38DEA9} = {EAD99FA2-2A04-464C-8A98-AAEDE8DAFD62}
		{239C90DB-A1CE-40EA-8A94-B56501933B33} = {9EEE95CB-DBF8-4956-B62E-A3AF1C38DEA9}
		{8FF0EFD7-FEBA-425E-B708-34A23A01215C} = {2C8A5F0C-EEB4-4684-AB3D-BF385A31667A}
		{818E14DF-484E-4D06-B4BE-C6BC22B2DB6B} = {2C8A5F0C-EEB4-4684-AB3D-BF385A31667A}
		{2C4D006A-44D5-4A73-A015-88A8C9117012} = {2C8A5F0C-EEB4-4684-AB3D-BF385A31667A}
		{B782B843-FE0C-409F-BC4E-B14B7849103F} = {9EEE95CB-DBF8-4956-B62E-A3AF1C38DEA9}
		{EAEFF422-380F-A542-8FC5-0D473A50DE5D} = {02EA681E-C7D8-13C7-8484-4AC65E1B71E8}
		{EB01C9E5-F064-7DCB-CBCF-DFE3102EF5CA} = {02EA681E-C7D8-13C7-8484-4AC65E1B71E8}
		{977289AC-779D-F8F2-1ACC-71CB32337D31} = {2C8A5F0C-EEB4-4684-AB3D-BF385A31667A}
		{8091CCED-A387-41F6-8BFA-C049FB316D45} = {EAD99FA2-2A04-464C-8A98-AAEDE8DAFD62}
		{DBD6BAC1-E417-4C66-8D32-77F0DFD8EF55} = {2C8A5F0C-EEB4-4684-AB3D-BF385A31667A}
		{071C77B3-F801-4578-BDD9-BA869F31F8B9} = {02EA681E-C7D8-13C7-8484-4AC65E1B71E8}
		{4AB79E28-A19F-4D13-896C-7DA05F5B1D62} = {2C8A5F0C-EEB4-4684-AB3D-BF385A31667A}
		{6BDE4F50-0915-49C2-9E9F-A17AE01CC33B} = {02EA681E-C7D8-13C7-8484-4AC65E1B71E8}
		{B7242663-06F5-4A6E-8919-BD776F4B5646} = {2C8A5F0C-EEB4-4684-AB3D-BF385A31667A}
		{137F47B2-D540-4447-85A7-270DEC3A0BC3} = {02EA681E-C7D8-13C7-8484-4AC65E1B71E8}
		{7C1B41E5-D41F-460F-B21E-3F96585E4D32} = {02EA681E-C7D8-13C7-8484-4AC65E1B71E8}
		{EAB32428-C350-43CC-82B4-7E5E8CADE307} = {2C8A5F0C-EEB4-4684-AB3D-BF385A31667A}
		{93C18CE2-18EA-46E3-A4E2-4D376DA82B5F} = {EAD99FA2-2A04-464C-8A98-AAEDE8DAFD62}
		{2435CDC0-8E0C-4760-AA17-671FCA271B0E} = {93C18CE2-18EA-46E3-A4E2-4D376DA82B5F}
	EndGlobalSection
	GlobalSection(ExtensibilityGlobals) = postSolution
		SolutionGuid = {1C058EB8-EBB2-45AB-BD08-B89CA3CA875D}
	EndGlobalSection
EndGlobal
